// !$*UTF8*$!
{
	archiveVersion = 1;
	classes = {
	};
	objectVersion = 56;
	objects = {

/* Begin PBXBuildFile section */
		E542012528C6C19F008E96D4 /* Note.swift in Sources */ = {isa = PBXBuildFile; fileRef = E542012428C6C19F008E96D4 /* Note.swift */; };
		E59144B228C6BE5200E55336 /* Notes Watch App.app in Embed Watch Content */ = {isa = PBXBuildFile; fileRef = E59144B128C6BE5200E55336 /* Notes Watch App.app */; settings = {ATTRIBUTES = (RemoveHeadersOnCopy, ); }; };
		E59144B728C6BE5200E55336 /* NotesApp.swift in Sources */ = {isa = PBXBuildFile; fileRef = E59144B628C6BE5200E55336 /* NotesApp.swift */; };
		E59144B928C6BE5200E55336 /* ContentView.swift in Sources */ = {isa = PBXBuildFile; fileRef = E59144B828C6BE5200E55336 /* ContentView.swift */; };
		E59144BB28C6BE5300E55336 /* Assets.xcassets in Resources */ = {isa = PBXBuildFile; fileRef = E59144BA28C6BE5300E55336 /* Assets.xcassets */; };
		E59144BE28C6BE5300E55336 /* Preview Assets.xcassets in Resources */ = {isa = PBXBuildFile; fileRef = E59144BD28C6BE5300E55336 /* Preview Assets.xcassets */; };
		E5A5346A28C6E644003A85C0 /* DetailView.swift in Sources */ = {isa = PBXBuildFile; fileRef = E5A5346928C6E644003A85C0 /* DetailView.swift */; };
		E5A5346C28C6ECED003A85C0 /* CreditsView.swift in Sources */ = {isa = PBXBuildFile; fileRef = E5A5346B28C6ECED003A85C0 /* CreditsView.swift */; };
		E5A5346F28C6ED3D003A85C0 /* HeaderView.swift in Sources */ = {isa = PBXBuildFile; fileRef = E5A5346E28C6ED3D003A85C0 /* HeaderView.swift */; };
		E5A5347128C6F11C003A85C0 /* SettingsView.swift in Sources */ = {isa = PBXBuildFile; fileRef = E5A5347028C6F11C003A85C0 /* SettingsView.swift */; };
/* End PBXBuildFile section */

/* Begin PBXContainerItemProxy section */
		E59144B328C6BE5200E55336 /* PBXContainerItemProxy */ = {
			isa = PBXContainerItemProxy;
			containerPortal = E59144A528C6BE5100E55336 /* Project object */;
			proxyType = 1;
			remoteGlobalIDString = E59144B028C6BE5200E55336;
			remoteInfo = "Notes Watch App";
		};
/* End PBXContainerItemProxy section */

/* Begin PBXCopyFilesBuildPhase section */
		E59144C428C6BE5300E55336 /* Embed Watch Content */ = {
			isa = PBXCopyFilesBuildPhase;
			buildActionMask = 2147483647;
			dstPath = "$(CONTENTS_FOLDER_PATH)/Watch";
			dstSubfolderSpec = 16;
			files = (
				E59144B228C6BE5200E55336 /* Notes Watch App.app in Embed Watch Content */,
			);
			name = "Embed Watch Content";
			runOnlyForDeploymentPostprocessing = 0;
		};
/* End PBXCopyFilesBuildPhase section */

/* Begin PBXFileReference section */
		E542012428C6C19F008E96D4 /* Note.swift */ = {isa = PBXFileReference; lastKnownFileType = sourcecode.swift; path = Note.swift; sourceTree = "<group>"; };
		E59144AB28C6BE5200E55336 /* Notes.app */ = {isa = PBXFileReference; explicitFileType = wrapper.application; includeInIndex = 0; path = Notes.app; sourceTree = BUILT_PRODUCTS_DIR; };
		E59144B128C6BE5200E55336 /* Notes Watch App.app */ = {isa = PBXFileReference; explicitFileType = wrapper.application; includeInIndex = 0; path = "Notes Watch App.app"; sourceTree = BUILT_PRODUCTS_DIR; };
		E59144B628C6BE5200E55336 /* NotesApp.swift */ = {isa = PBXFileReference; lastKnownFileType = sourcecode.swift; path = NotesApp.swift; sourceTree = "<group>"; };
		E59144B828C6BE5200E55336 /* ContentView.swift */ = {isa = PBXFileReference; lastKnownFileType = sourcecode.swift; path = ContentView.swift; sourceTree = "<group>"; };
		E59144BA28C6BE5300E55336 /* Assets.xcassets */ = {isa = PBXFileReference; lastKnownFileType = folder.assetcatalog; path = Assets.xcassets; sourceTree = "<group>"; };
		E59144BD28C6BE5300E55336 /* Preview Assets.xcassets */ = {isa = PBXFileReference; lastKnownFileType = folder.assetcatalog; path = "Preview Assets.xcassets"; sourceTree = "<group>"; };
		E5A5346928C6E644003A85C0 /* DetailView.swift */ = {isa = PBXFileReference; lastKnownFileType = sourcecode.swift; path = DetailView.swift; sourceTree = "<group>"; };
		E5A5346B28C6ECED003A85C0 /* CreditsView.swift */ = {isa = PBXFileReference; lastKnownFileType = sourcecode.swift; path = CreditsView.swift; sourceTree = "<group>"; };
		E5A5346E28C6ED3D003A85C0 /* HeaderView.swift */ = {isa = PBXFileReference; lastKnownFileType = sourcecode.swift; path = HeaderView.swift; sourceTree = "<group>"; };
		E5A5347028C6F11C003A85C0 /* SettingsView.swift */ = {isa = PBXFileReference; lastKnownFileType = sourcecode.swift; path = SettingsView.swift; sourceTree = "<group>"; };
/* End PBXFileReference section */

/* Begin PBXFrameworksBuildPhase section */
		E59144AE28C6BE5200E55336 /* Frameworks */ = {
			isa = PBXFrameworksBuildPhase;
			buildActionMask = 2147483647;
			files = (
			);
			runOnlyForDeploymentPostprocessing = 0;
		};
/* End PBXFrameworksBuildPhase section */

/* Begin PBXGroup section */
		E542012228C6C181008E96D4 /* View */ = {
			isa = PBXGroup;
			children = (
				E59144B828C6BE5200E55336 /* ContentView.swift */,
				E5A5346928C6E644003A85C0 /* DetailView.swift */,
				E5A5346B28C6ECED003A85C0 /* CreditsView.swift */,
				E5A5347028C6F11C003A85C0 /* SettingsView.swift */,
			);
			path = View;
			sourceTree = "<group>";
		};
		E542012328C6C18E008E96D4 /* Model */ = {
			isa = PBXGroup;
			children = (
				E542012428C6C19F008E96D4 /* Note.swift */,
			);
			path = Model;
			sourceTree = "<group>";
		};
		E59144A428C6BE5100E55336 = {
			isa = PBXGroup;
			children = (
				E59144B528C6BE5200E55336 /* Notes Watch App */,
				E59144AC28C6BE5200E55336 /* Products */,
			);
			sourceTree = "<group>";
		};
		E59144AC28C6BE5200E55336 /* Products */ = {
			isa = PBXGroup;
			children = (
				E59144AB28C6BE5200E55336 /* Notes.app */,
				E59144B128C6BE5200E55336 /* Notes Watch App.app */,
			);
			name = Products;
			sourceTree = "<group>";
		};
		E59144B528C6BE5200E55336 /* Notes Watch App */ = {
			isa = PBXGroup;
			children = (
				E5A5346D28C6ED31003A85C0 /* Component */,
				E542012328C6C18E008E96D4 /* Model */,
				E59144B628C6BE5200E55336 /* NotesApp.swift */,
				E542012228C6C181008E96D4 /* View */,
				E59144BA28C6BE5300E55336 /* Assets.xcassets */,
				E59144BC28C6BE5300E55336 /* Preview Content */,
			);
			path = "Notes Watch App";
			sourceTree = "<group>";
		};
		E59144BC28C6BE5300E55336 /* Preview Content */ = {
			isa = PBXGroup;
			children = (
				E59144BD28C6BE5300E55336 /* Preview Assets.xcassets */,
			);
			path = "Preview Content";
			sourceTree = "<group>";
		};
		E5A5346D28C6ED31003A85C0 /* Component */ = {
			isa = PBXGroup;
			children = (
				E5A5346E28C6ED3D003A85C0 /* HeaderView.swift */,
			);
			path = Component;
			sourceTree = "<group>";
		};
/* End PBXGroup section */

/* Begin PBXNativeTarget section */
		E59144AA28C6BE5200E55336 /* Notes */ = {
			isa = PBXNativeTarget;
			buildConfigurationList = E59144C528C6BE5300E55336 /* Build configuration list for PBXNativeTarget "Notes" */;
			buildPhases = (
				E59144A928C6BE5200E55336 /* Resources */,
				E59144C428C6BE5300E55336 /* Embed Watch Content */,
			);
			buildRules = (
			);
			dependencies = (
				E59144B428C6BE5200E55336 /* PBXTargetDependency */,
			);
			name = Notes;
			productName = Notes;
			productReference = E59144AB28C6BE5200E55336 /* Notes.app */;
			productType = "com.apple.product-type.application.watchapp2-container";
		};
		E59144B028C6BE5200E55336 /* Notes Watch App */ = {
			isa = PBXNativeTarget;
			buildConfigurationList = E59144C128C6BE5300E55336 /* Build configuration list for PBXNativeTarget "Notes Watch App" */;
			buildPhases = (
				E59144AD28C6BE5200E55336 /* Sources */,
				E59144AE28C6BE5200E55336 /* Frameworks */,
				E59144AF28C6BE5200E55336 /* Resources */,
			);
			buildRules = (
			);
			dependencies = (
			);
			name = "Notes Watch App";
			productName = "Notes Watch App";
			productReference = E59144B128C6BE5200E55336 /* Notes Watch App.app */;
			productType = "com.apple.product-type.application";
		};
/* End PBXNativeTarget section */

/* Begin PBXProject section */
		E59144A528C6BE5100E55336 /* Project object */ = {
			isa = PBXProject;
			attributes = {
				BuildIndependentTargetsInParallel = 1;
				LastSwiftUpdateCheck = 1400;
				LastUpgradeCheck = 1400;
				TargetAttributes = {
					E59144AA28C6BE5200E55336 = {
						CreatedOnToolsVersion = 14.0;
					};
					E59144B028C6BE5200E55336 = {
						CreatedOnToolsVersion = 14.0;
					};
				};
			};
			buildConfigurationList = E59144A828C6BE5100E55336 /* Build configuration list for PBXProject "Notes" */;
			compatibilityVersion = "Xcode 14.0";
			developmentRegion = en;
			hasScannedForEncodings = 0;
			knownRegions = (
				en,
				Base,
			);
			mainGroup = E59144A428C6BE5100E55336;
			productRefGroup = E59144AC28C6BE5200E55336 /* Products */;
			projectDirPath = "";
			projectRoot = "";
			targets = (
				E59144AA28C6BE5200E55336 /* Notes */,
				E59144B028C6BE5200E55336 /* Notes Watch App */,
			);
		};
/* End PBXProject section */

/* Begin PBXResourcesBuildPhase section */
		E59144A928C6BE5200E55336 /* Resources */ = {
			isa = PBXResourcesBuildPhase;
			buildActionMask = 2147483647;
			files = (
			);
			runOnlyForDeploymentPostprocessing = 0;
		};
		E59144AF28C6BE5200E55336 /* Resources */ = {
			isa = PBXResourcesBuildPhase;
			buildActionMask = 2147483647;
			files = (
				E59144BE28C6BE5300E55336 /* Preview Assets.xcassets in Resources */,
				E59144BB28C6BE5300E55336 /* Assets.xcassets in Resources */,
			);
			runOnlyForDeploymentPostprocessing = 0;
		};
/* End PBXResourcesBuildPhase section */

/* Begin PBXSourcesBuildPhase section */
		E59144AD28C6BE5200E55336 /* Sources */ = {
			isa = PBXSourcesBuildPhase;
			buildActionMask = 2147483647;
			files = (
				E5A5347128C6F11C003A85C0 /* SettingsView.swift in Sources */,
				E59144B928C6BE5200E55336 /* ContentView.swift in Sources */,
				E5A5346F28C6ED3D003A85C0 /* HeaderView.swift in Sources */,
				E5A5346A28C6E644003A85C0 /* DetailView.swift in Sources */,
				E59144B728C6BE5200E55336 /* NotesApp.swift in Sources */,
				E5A5346C28C6ECED003A85C0 /* CreditsView.swift in Sources */,
				E542012528C6C19F008E96D4 /* Note.swift in Sources */,
			);
			runOnlyForDeploymentPostprocessing = 0;
		};
/* End PBXSourcesBuildPhase section */

/* Begin PBXTargetDependency section */
		E59144B428C6BE5200E55336 /* PBXTargetDependency */ = {
			isa = PBXTargetDependency;
			target = E59144B028C6BE5200E55336 /* Notes Watch App */;
			targetProxy = E59144B328C6BE5200E55336 /* PBXContainerItemProxy */;
		};
/* End PBXTargetDependency section */

/* Begin XCBuildConfiguration section */
		E59144BF28C6BE5300E55336 /* Debug */ = {
			isa = XCBuildConfiguration;
			buildSettings = {
				ALWAYS_SEARCH_USER_PATHS = NO;
				CLANG_ANALYZER_NONNULL = YES;
				CLANG_ANALYZER_NUMBER_OBJECT_CONVERSION = YES_AGGRESSIVE;
				CLANG_CXX_LANGUAGE_STANDARD = "gnu++20";
				CLANG_ENABLE_MODULES = YES;
				CLANG_ENABLE_OBJC_ARC = YES;
				CLANG_ENABLE_OBJC_WEAK = YES;
				CLANG_WARN_BLOCK_CAPTURE_AUTORELEASING = YES;
				CLANG_WARN_BOOL_CONVERSION = YES;
				CLANG_WARN_COMMA = YES;
				CLANG_WARN_CONSTANT_CONVERSION = YES;
				CLANG_WARN_DEPRECATED_OBJC_IMPLEMENTATIONS = YES;
				CLANG_WARN_DIRECT_OBJC_ISA_USAGE = YES_ERROR;
				CLANG_WARN_DOCUMENTATION_COMMENTS = YES;
				CLANG_WARN_EMPTY_BODY = YES;
				CLANG_WARN_ENUM_CONVERSION = YES;
				CLANG_WARN_INFINITE_RECURSION = YES;
				CLANG_WARN_INT_CONVERSION = YES;
				CLANG_WARN_NON_LITERAL_NULL_CONVERSION = YES;
				CLANG_WARN_OBJC_IMPLICIT_RETAIN_SELF = YES;
				CLANG_WARN_OBJC_LITERAL_CONVERSION = YES;
				CLANG_WARN_OBJC_ROOT_CLASS = YES_ERROR;
				CLANG_WARN_QUOTED_INCLUDE_IN_FRAMEWORK_HEADER = YES;
				CLANG_WARN_RANGE_LOOP_ANALYSIS = YES;
				CLANG_WARN_STRICT_PROTOTYPES = YES;
				CLANG_WARN_SUSPICIOUS_MOVE = YES;
				CLANG_WARN_UNGUARDED_AVAILABILITY = YES_AGGRESSIVE;
				CLANG_WARN_UNREACHABLE_CODE = YES;
				CLANG_WARN__DUPLICATE_METHOD_MATCH = YES;
				COPY_PHASE_STRIP = NO;
				DEBUG_INFORMATION_FORMAT = dwarf;
				ENABLE_STRICT_OBJC_MSGSEND = YES;
				ENABLE_TESTABILITY = YES;
				GCC_C_LANGUAGE_STANDARD = gnu11;
				GCC_DYNAMIC_NO_PIC = NO;
				GCC_NO_COMMON_BLOCKS = YES;
				GCC_OPTIMIZATION_LEVEL = 0;
				GCC_PREPROCESSOR_DEFINITIONS = (
					"DEBUG=1",
					"$(inherited)",
				);
				GCC_WARN_64_TO_32_BIT_CONVERSION = YES;
				GCC_WARN_ABOUT_RETURN_TYPE = YES_ERROR;
				GCC_WARN_UNDECLARED_SELECTOR = YES;
				GCC_WARN_UNINITIALIZED_AUTOS = YES_AGGRESSIVE;
				GCC_WARN_UNUSED_FUNCTION = YES;
				GCC_WARN_UNUSED_VARIABLE = YES;
				MTL_ENABLE_DEBUG_INFO = INCLUDE_SOURCE;
				MTL_FAST_MATH = YES;
				ONLY_ACTIVE_ARCH = YES;
				SWIFT_ACTIVE_COMPILATION_CONDITIONS = DEBUG;
				SWIFT_OPTIMIZATION_LEVEL = "-Onone";
			};
			name = Debug;
		};
		E59144C028C6BE5300E55336 /* Release */ = {
			isa = XCBuildConfiguration;
			buildSettings = {
				ALWAYS_SEARCH_USER_PATHS = NO;
				CLANG_ANALYZER_NONNULL = YES;
				CLANG_ANALYZER_NUMBER_OBJECT_CONVERSION = YES_AGGRESSIVE;
				CLANG_CXX_LANGUAGE_STANDARD = "gnu++20";
				CLANG_ENABLE_MODULES = YES;
				CLANG_ENABLE_OBJC_ARC = YES;
				CLANG_ENABLE_OBJC_WEAK = YES;
				CLANG_WARN_BLOCK_CAPTURE_AUTORELEASING = YES;
				CLANG_WARN_BOOL_CONVERSION = YES;
				CLANG_WARN_COMMA = YES;
				CLANG_WARN_CONSTANT_CONVERSION = YES;
				CLANG_WARN_DEPRECATED_OBJC_IMPLEMENTATIONS = YES;
				CLANG_WARN_DIRECT_OBJC_ISA_USAGE = YES_ERROR;
				CLANG_WARN_DOCUMENTATION_COMMENTS = YES;
				CLANG_WARN_EMPTY_BODY = YES;
				CLANG_WARN_ENUM_CONVERSION = YES;
				CLANG_WARN_INFINITE_RECURSION = YES;
				CLANG_WARN_INT_CONVERSION = YES;
				CLANG_WARN_NON_LITERAL_NULL_CONVERSION = YES;
				CLANG_WARN_OBJC_IMPLICIT_RETAIN_SELF = YES;
				CLANG_WARN_OBJC_LITERAL_CONVERSION = YES;
				CLANG_WARN_OBJC_ROOT_CLASS = YES_ERROR;
				CLANG_WARN_QUOTED_INCLUDE_IN_FRAMEWORK_HEADER = YES;
				CLANG_WARN_RANGE_LOOP_ANALYSIS = YES;
				CLANG_WARN_STRICT_PROTOTYPES = YES;
				CLANG_WARN_SUSPICIOUS_MOVE = YES;
				CLANG_WARN_UNGUARDED_AVAILABILITY = YES_AGGRESSIVE;
				CLANG_WARN_UNREACHABLE_CODE = YES;
				CLANG_WARN__DUPLICATE_METHOD_MATCH = YES;
				COPY_PHASE_STRIP = NO;
				DEBUG_INFORMATION_FORMAT = "dwarf-with-dsym";
				ENABLE_NS_ASSERTIONS = NO;
				ENABLE_STRICT_OBJC_MSGSEND = YES;
				GCC_C_LANGUAGE_STANDARD = gnu11;
				GCC_NO_COMMON_BLOCKS = YES;
				GCC_WARN_64_TO_32_BIT_CONVERSION = YES;
				GCC_WARN_ABOUT_RETURN_TYPE = YES_ERROR;
				GCC_WARN_UNDECLARED_SELECTOR = YES;
				GCC_WARN_UNINITIALIZED_AUTOS = YES_AGGRESSIVE;
				GCC_WARN_UNUSED_FUNCTION = YES;
				GCC_WARN_UNUSED_VARIABLE = YES;
				MTL_ENABLE_DEBUG_INFO = NO;
				MTL_FAST_MATH = YES;
				SWIFT_COMPILATION_MODE = wholemodule;
				SWIFT_OPTIMIZATION_LEVEL = "-O";
			};
			name = Release;
		};
		E59144C228C6BE5300E55336 /* Debug */ = {
			isa = XCBuildConfiguration;
			buildSettings = {
				ASSETCATALOG_COMPILER_APPICON_NAME = AppIcon;
				ASSETCATALOG_COMPILER_GLOBAL_ACCENT_COLOR_NAME = AccentColor;
				CODE_SIGN_STYLE = Automatic;
				CURRENT_PROJECT_VERSION = 1;
				DEVELOPMENT_ASSET_PATHS = "\"Notes Watch App/Preview Content\"";
				DEVELOPMENT_TEAM = 68P5L6FJV2;
				ENABLE_PREVIEWS = YES;
				GENERATE_INFOPLIST_FILE = YES;
				INFOPLIST_KEY_CFBundleDisplayName = Notes;
				INFOPLIST_KEY_UISupportedInterfaceOrientations = "UIInterfaceOrientationPortrait UIInterfaceOrientationPortraitUpsideDown";
				INFOPLIST_KEY_WKWatchOnly = YES;
				LD_RUNPATH_SEARCH_PATHS = (
					"$(inherited)",
					"@executable_path/Frameworks",
				);
				MARKETING_VERSION = 1.0;
				PRODUCT_BUNDLE_IDENTIFIER = Searsstudio.Notes.watchkitapp;
				PRODUCT_NAME = "$(TARGET_NAME)";
				SDKROOT = watchos;
				SKIP_INSTALL = YES;
				SWIFT_EMIT_LOC_STRINGS = YES;
				SWIFT_VERSION = 5.0;
				TARGETED_DEVICE_FAMILY = 4;
				WATCHOS_DEPLOYMENT_TARGET = 8.0;
			};
			name = Debug;
		};
		E59144C328C6BE5300E55336 /* Release */ = {
			isa = XCBuildConfiguration;
			buildSettings = {
				ASSETCATALOG_COMPILER_APPICON_NAME = AppIcon;
				ASSETCATALOG_COMPILER_GLOBAL_ACCENT_COLOR_NAME = AccentColor;
				CODE_SIGN_STYLE = Automatic;
				CURRENT_PROJECT_VERSION = 1;
				DEVELOPMENT_ASSET_PATHS = "\"Notes Watch App/Preview Content\"";
				DEVELOPMENT_TEAM = 68P5L6FJV2;
				ENABLE_PREVIEWS = YES;
				GENERATE_INFOPLIST_FILE = YES;
				INFOPLIST_KEY_CFBundleDisplayName = Notes;
				INFOPLIST_KEY_UISupportedInterfaceOrientations = "UIInterfaceOrientationPortrait UIInterfaceOrientationPortraitUpsideDown";
				INFOPLIST_KEY_WKWatchOnly = YES;
				LD_RUNPATH_SEARCH_PATHS = (
					"$(inherited)",
					"@executable_path/Frameworks",
				);
				MARKETING_VERSION = 1.0;
				PRODUCT_BUNDLE_IDENTIFIER = Searsstudio.Notes.watchkitapp;
				PRODUCT_NAME = "$(TARGET_NAME)";
				SDKROOT = watchos;
				SKIP_INSTALL = YES;
				SWIFT_EMIT_LOC_STRINGS = YES;
				SWIFT_VERSION = 5.0;
				TARGETED_DEVICE_FAMILY = 4;
				VALIDATE_PRODUCT = YES;
				WATCHOS_DEPLOYMENT_TARGET = 8.0;
			};
			name = Release;
		};
		E59144C628C6BE5300E55336 /* Debug */ = {
			isa = XCBuildConfiguration;
			buildSettings = {
				ALWAYS_EMBED_SWIFT_STANDARD_LIBRARIES = YES;
				CODE_SIGN_STYLE = Automatic;
				CURRENT_PROJECT_VERSION = 1;
				DEVELOPMENT_TEAM = 68P5L6FJV2;
				INFOPLIST_KEY_CFBundleDisplayName = Notes;
				IPHONEOS_DEPLOYMENT_TARGET = 12.4;
				MARKETING_VERSION = 1.0;
				PRODUCT_BUNDLE_IDENTIFIER = Searsstudio.Notes;
				PRODUCT_NAME = "$(TARGET_NAME)";
				SDKROOT = iphoneos;
				SWIFT_VERSION = 5.0;
			};
			name = Debug;
		};
		E59144C728C6BE5300E55336 /* Release */ = {
			isa = XCBuildConfiguration;
			buildSettings = {
				ALWAYS_EMBED_SWIFT_STANDARD_LIBRARIES = YES;
				CODE_SIGN_STYLE = Automatic;
				CURRENT_PROJECT_VERSION = 1;
				DEVELOPMENT_TEAM = 68P5L6FJV2;
				INFOPLIST_KEY_CFBundleDisplayName = Notes;
				IPHONEOS_DEPLOYMENT_TARGET = 12.4;
				MARKETING_VERSION = 1.0;
				PRODUCT_BUNDLE_IDENTIFIER = Searsstudio.Notes;
				PRODUCT_NAME = "$(TARGET_NAME)";
				SDKROOT = iphoneos;
				SWIFT_VERSION = 5.0;
				VALIDATE_PRODUCT = YES;
			};
			name = Release;
		};
/* End XCBuildConfiguration section */

/* Begin XCConfigurationList section */
		E59144A828C6BE5100E55336 /* Build configuration list for PBXProject "Notes" */ = {
			isa = XCConfigurationList;
			buildConfigurations = (
				E59144BF28C6BE5300E55336 /* Debug */,
				E59144C028C6BE5300E55336 /* Release */,
			);
			defaultConfigurationIsVisible = 0;
			defaultConfigurationName = Release;
		};
		E59144C128C6BE5300E55336 /* Build configuration list for PBXNativeTarget "Notes Watch App" */ = {
			isa = XCConfigurationList;
			buildConfigurations = (
				E59144C228C6BE5300E55336 /* Debug */,
				E59144C328C6BE5300E55336 /* Release */,
			);
			defaultConfigurationIsVisible = 0;
			defaultConfigurationName = Release;
		};
		E59144C528C6BE5300E55336 /* Build configuration list for PBXNativeTarget "Notes" */ = {
			isa = XCConfigurationList;
			buildConfigurations = (
				E59144C628C6BE5300E55336 /* Debug */,
				E59144C728C6BE5300E55336 /* Release */,
			);
			defaultConfigurationIsVisible = 0;
			defaultConfigurationName = Release;
		};
/* End XCConfigurationList section */
	};
	rootObject = E59144A528C6BE5100E55336 /* Project object */;
}
